
Microsoft Visual Studio Solution File, Format Version 12.00
# Visual Studio Version 16
VisualStudioVersion = 16.0.30309.148
MinimumVisualStudioVersion = 10.0.40219.1
Project("{8BC9CEB8-8B4A-11D0-8D11-00A0C91BC942}") = "指针版冒泡排序", "指针版冒泡排序.vcxproj", "{AD063E17-E876-4FF0-8438-2D2A7470D1C7}"
EndProject
Global
	GlobalSection(SolutionConfigurationPlatforms) = preSolution
		Debug|x64 = Debug|x64
		Debug|x86 = Debug|x86
		Release|x64 = Release|x64
		Release|x86 = Release|x86
	EndGlobalSection
	GlobalSection(ProjectConfigurationPlatforms) = postSolution
		{AD063E17-E876-4FF0-8438-2D2A7470D1C7}.Debug|x64.ActiveCfg = Debug|x64
		{AD063E17-E876-4FF0-8438-2D2A7470D1C7}.Debug|x64.Build.0 = Debug|x64
		{AD063E17-E876-4FF0-8438-2D2A7470D1C7}.Debug|x86.ActiveCfg = Debug|Win32
		{AD063E17-E876-4FF0-8438-2D2A7470D1C7}.Debug|x86.Build.0 = Debug|Win32
		{AD063E17-E876-4FF0-8438-2D2A7470D1C7}.Release|x64.ActiveCfg = Release|x64
		{AD063E17-E876-4FF0-8438-2D2A7470D1C7}.Release|x64.Build.0 = Release|x64
		{AD063E17-E876-4FF0-8438-2D2A7470D1C7}.Release|x86.ActiveCfg = Release|Win32
		{AD063E17-E876-4FF0-8438-2D2A7470D1C7}.Release|x86.Build.0 = Release|Win32
	EndGlobalSection
	GlobalSection(SolutionProperties) = preSolution
		HideSolutionNode = FALSE
	EndGlobalSection
	GlobalSection(ExtensibilityGlobals) = postSolution
		SolutionGuid = {40F6E034-CCA5-4F0E-B57C-8538E329E311}
	EndGlobalSection
EndGlobal
