
Microsoft Visual Studio Solution File, Format Version 12.00
# Visual Studio Version 16
VisualStudioVersion = 16.0.30309.148
MinimumVisualStudioVersion = 10.0.40219.1
Project("{8BC9CEB8-8B4A-11D0-8D11-00A0C91BC942}") = "水仙花数", "水仙花数.vcxproj", "{CF027709-905D-4D2D-ABE1-20B141FD3E6F}"
EndProject
Global
	GlobalSection(SolutionConfigurationPlatforms) = preSolution
		Debug|x64 = Debug|x64
		Debug|x86 = Debug|x86
		Release|x64 = Release|x64
		Release|x86 = Release|x86
	EndGlobalSection
	GlobalSection(ProjectConfigurationPlatforms) = postSolution
		{CF027709-905D-4D2D-ABE1-20B141FD3E6F}.Debug|x64.ActiveCfg = Debug|x64
		{CF027709-905D-4D2D-ABE1-20B141FD3E6F}.Debug|x64.Build.0 = Debug|x64
		{CF027709-905D-4D2D-ABE1-20B141FD3E6F}.Debug|x86.ActiveCfg = Debug|Win32
		{CF027709-905D-4D2D-ABE1-20B141FD3E6F}.Debug|x86.Build.0 = Debug|Win32
		{CF027709-905D-4D2D-ABE1-20B141FD3E6F}.Release|x64.ActiveCfg = Release|x64
		{CF027709-905D-4D2D-ABE1-20B141FD3E6F}.Release|x64.Build.0 = Release|x64
		{CF027709-905D-4D2D-ABE1-20B141FD3E6F}.Release|x86.ActiveCfg = Release|Win32
		{CF027709-905D-4D2D-ABE1-20B141FD3E6F}.Release|x86.Build.0 = Release|Win32
	EndGlobalSection
	GlobalSection(SolutionProperties) = preSolution
		HideSolutionNode = FALSE
	EndGlobalSection
	GlobalSection(ExtensibilityGlobals) = postSolution
		SolutionGuid = {8D3F5E8A-5D26-41A4-987B-94A13BCCB95C}
	EndGlobalSection
EndGlobal
